
Microsoft Visual Studio Solution File, Format Version 12.00
# Visual Studio Version 17
VisualStudioVersion = 17.5.33516.290
MinimumVisualStudioVersion = 10.0.40219.1
Project("{FAE04EC0-301F-11D3-BF4B-00C04F79EFBC}") = "CoffeeShop", "CoffeeShop.csproj", "{2BC05E19-81BD-4FBD-B098-720EE4F74049}"
EndProject
Project("{FAE04EC0-301F-11D3-BF4B-00C04F79EFBC}") = "CoffeeShopTests", "..\CoffeeShopTests\CoffeeShopTests.csproj", "{5810924A-B816-4EAE-AEEA-0F605D184CF8}"
EndProject
Global
	GlobalSection(SolutionConfigurationPlatforms) = preSolution
		Debug|Any CPU = Debug|Any CPU
		Release|Any CPU = Release|Any CPU
	EndGlobalSection
	GlobalSection(ProjectConfigurationPlatforms) = postSolution
		{2BC05E19-81BD-4FBD-B098-720EE4F74049}.Debug|Any CPU.ActiveCfg = Debug|Any CPU
		{2BC05E19-81BD-4FBD-B098-720EE4F74049}.Debug|Any CPU.Build.0 = Debug|Any CPU
		{2BC05E19-81BD-4FBD-B098-720EE4F74049}.Release|Any CPU.ActiveCfg = Release|Any CPU
		{2BC05E19-81BD-4FBD-B098-720EE4F74049}.Release|Any CPU.Build.0 = Release|Any CPU
		{5810924A-B816-4EAE-AEEA-0F605D184CF8}.Debug|Any CPU.ActiveCfg = Debug|Any CPU
		{5810924A-B816-4EAE-AEEA-0F605D184CF8}.Debug|Any CPU.Build.0 = Debug|Any CPU
		{5810924A-B816-4EAE-AEEA-0F605D184CF8}.Release|Any CPU.ActiveCfg = Release|Any CPU
		{5810924A-B816-4EAE-AEEA-0F605D184CF8}.Release|Any CPU.Build.0 = Release|Any CPU
	EndGlobalSection
	GlobalSection(SolutionProperties) = preSolution
		HideSolutionNode = FALSE
	EndGlobalSection
	GlobalSection(ExtensibilityGlobals) = postSolution
		SolutionGuid = {0384AF92-8E7C-4CCC-8707-8E9099B6B8AC}
	EndGlobalSection
EndGlobal
